<?xml version="1.0" encoding="utf-8"?>
<Project ToolsVersion="4.0" xmlns="http://schemas.microsoft.com/developer/msbuild/2003">
  <ItemGroup>
    <Filter Include="ソース ファイル">
      <UniqueIdentifier>{4FC737F1-C7A5-4376-A066-2A32D752A2FF}</UniqueIdentifier>
      <Extensions>cpp;c;cc;cxx;c++;cppm;ixx;def;odl;idl;hpj;bat;asm;asmx</Extensions>
    </Filter>
    <Filter Include="ヘッダー ファイル">
      <UniqueIdentifier>{93995380-89BD-4b04-88EB-625FBE52EBFB}</UniqueIdentifier>
      <Extensions>h;hh;hpp;hxx;h++;hm;inl;inc;ipp;xsd</Extensions>
    </Filter>
    <Filter Include="リソース ファイル">
      <UniqueIdentifier>{67DA6AB6-F800-4c08-8B7A-83BB121AAD01}</UniqueIdentifier>
      <Extensions>rc;ico;cur;bmp;dlg;rc2;rct;bin;rgs;gif;jpg;jpeg;jpe;resx;tiff;tif;png;wav;mfcribbon-ms</Extensions>
    </Filter>
    <Filter Include="GameXLib">
      <UniqueIdentifier>{a2d9de2f-86a7-42d8-990e-85904d96f521}</UniqueIdentifier>
    </Filter>
    <Filter Include="GameXLib\ThirdParty">
      <UniqueIdentifier>{dc13128d-1e6f-49cf-b2bd-94fd5d76da4f}</UniqueIdentifier>
    </Filter>
    <Filter Include="GameXLib\ThirdParty\ImGui">
      <UniqueIdentifier>{07f8831a-e785-4304-bc07-3a259248b7c2}</UniqueIdentifier>
    </Filter>
    <Filter Include="GameXLib\ThirdParty\ImGui\imgui-docking">
      <UniqueIdentifier>{2afce636-e3cf-409a-9e16-690beb18a5b6}</UniqueIdentifier>
    </Filter>
    <Filter Include="GameXLib\Shaders">
      <UniqueIdentifier>{c3213003-7ea0-4b86-b451-c7d4a5cbb41a}</UniqueIdentifier>
    </Filter>
    <Filter Include="GameXLib\Runtime">
      <UniqueIdentifier>{fc6fa613-a306-45b9-a1a4-22cb2f6d84d4}</UniqueIdentifier>
    </Filter>
    <Filter Include="GameXLib\Runtime\Framework">
      <UniqueIdentifier>{5a696bee-448f-4607-ab86-0e6fa20e8240}</UniqueIdentifier>
    </Filter>
    <Filter Include="GameXLib\Runtime\UI">
      <UniqueIdentifier>{eee4b194-911b-4d5d-8d2f-63bc9432a4a3}</UniqueIdentifier>
    </Filter>
    <Filter Include="GameXLib\Runtime\Timer">
      <UniqueIdentifier>{c52e0e51-3f4d-4a07-923e-873c05dc2bba}</UniqueIdentifier>
    </Filter>
    <Filter Include="GameXLib\Runtime\System">
      <UniqueIdentifier>{0d0c3065-a805-447d-ba62-d20e926d0be5}</UniqueIdentifier>
    </Filter>
    <Filter Include="GameXLib\Runtime\Graphics">
      <UniqueIdentifier>{89878421-bce6-4715-b96f-3ce9066bea4a}</UniqueIdentifier>
    </Filter>
    <Filter Include="GameXLib\Runtime\Scene">
      <UniqueIdentifier>{0e0f69a4-ec7b-41f8-8a1b-32079de2245d}</UniqueIdentifier>
    </Filter>
    <Filter Include="GameXLib\ThirdParty\Sample">
      <UniqueIdentifier>{5629bc7d-5dcf-47bd-bc60-7fe98c710349}</UniqueIdentifier>
    </Filter>
    <Filter Include="GameXLib\Runtime\Serialization">
      <UniqueIdentifier>{0ce91cce-740f-430f-acb8-662602a1f088}</UniqueIdentifier>
    </Filter>
    <Filter Include="GameXLib\ThirdParty\Cereal">
      <UniqueIdentifier>{ab9738be-01b9-4429-b3b0-bf2fd7dfe62a}</UniqueIdentifier>
    </Filter>
    <Filter Include="GameXLib\ThirdParty\Sample\FbxSdk">
      <UniqueIdentifier>{071c9fb2-072f-460c-90a6-ad1db9607caf}</UniqueIdentifier>
    </Filter>
    <Filter Include="GameXLib\ThirdParty\Sample\Math">
      <UniqueIdentifier>{832ea0ad-0c3a-49c4-82eb-0d6ca955b611}</UniqueIdentifier>
    </Filter>
    <Filter Include="GameXLib\ThirdParty\Sample\Shaders">
      <UniqueIdentifier>{831cf960-eb32-4929-804e-40fc67373dd4}</UniqueIdentifier>
    </Filter>
    <Filter Include="GameXLib\ThirdParty\Sample\Sources">
      <UniqueIdentifier>{d65ffc31-6048-439d-b8ef-639eeddfa4a9}</UniqueIdentifier>
    </Filter>
    <Filter Include="GameXLib\Runtime\Component">
      <UniqueIdentifier>{2024c796-0c4e-4207-82d2-8b78a33cfb84}</UniqueIdentifier>
    </Filter>
  </ItemGroup>
  <ItemGroup>
    <ClInclude Include="GameXLib\ThirdParty\ImGui\imgui-docking\imconfig.h">
      <Filter>GameXLib\ThirdParty\ImGui\imgui-docking</Filter>
    </ClInclude>
    <ClInclude Include="GameXLib\ThirdParty\ImGui\imgui-docking\imgui.h">
      <Filter>GameXLib\ThirdParty\ImGui\imgui-docking</Filter>
    </ClInclude>
    <ClInclude Include="GameXLib\ThirdParty\ImGui\imgui-docking\imgui_internal.h">
      <Filter>GameXLib\ThirdParty\ImGui\imgui-docking</Filter>
    </ClInclude>
    <ClInclude Include="GameXLib\ThirdParty\ImGui\imgui-docking\imstb_rectpack.h">
      <Filter>GameXLib\ThirdParty\ImGui\imgui-docking</Filter>
    </ClInclude>
    <ClInclude Include="GameXLib\ThirdParty\ImGui\imgui-docking\imstb_textedit.h">
      <Filter>GameXLib\ThirdParty\ImGui\imgui-docking</Filter>
    </ClInclude>
    <ClInclude Include="GameXLib\ThirdParty\ImGui\imgui-docking\imstb_truetype.h">
      <Filter>GameXLib\ThirdParty\ImGui\imgui-docking</Filter>
    </ClInclude>
    <ClInclude Include="GameXLib\Runtime\Timer\HighResolutionTimer.h">
      <Filter>GameXLib\Runtime\Timer</Filter>
    </ClInclude>
    <ClInclude Include="GameXLib\Runtime\UI\imGuiDX11.h">
      <Filter>GameXLib\Runtime\UI</Filter>
    </ClInclude>
    <ClInclude Include="GameXLib\Runtime\UI\ImGuiManager.h">
      <Filter>GameXLib\Runtime\UI</Filter>
    </ClInclude>
    <ClInclude Include="GameXLib\Runtime\Timer\TimeManager.h">
      <Filter>GameXLib\Runtime\Timer</Filter>
    </ClInclude>
    <ClInclude Include="GameXLib\Runtime\System\ServiceLocator.h">
      <Filter>GameXLib\Runtime\System</Filter>
    </ClInclude>
    <ClInclude Include="GameXLib\Runtime\Framework\Framework.h">
      <Filter>GameXLib\Runtime\Framework</Filter>
    </ClInclude>
    <ClInclude Include="GameXLib\Runtime\System\Misc.h">
      <Filter>GameXLib\Runtime\System</Filter>
    </ClInclude>
    <ClInclude Include="GameXLib\Runtime\Graphics\GraphicsManager.h">
      <Filter>GameXLib\Runtime\Graphics</Filter>
    </ClInclude>
    <ClInclude Include="GameXLib\Runtime\System\GameXLib.h">
      <Filter>GameXLib\Runtime\System</Filter>
    </ClInclude>
    <ClInclude Include="GameXLib\Runtime\Scene\SceneManager.h">
      <Filter>GameXLib\Runtime\Scene</Filter>
    </ClInclude>
    <ClInclude Include="GameXLib\Runtime\Scene\Scene.h">
      <Filter>GameXLib\Runtime\Scene</Filter>
    </ClInclude>
    <ClInclude Include="Source\TitleScene.h">
      <Filter>ヘッダー ファイル</Filter>
    </ClInclude>
    <ClInclude Include="Source\MainScene.h">
      <Filter>ヘッダー ファイル</Filter>
    </ClInclude>
    <ClInclude Include="GameXLib\Runtime\Serialization\Cereal.h">
      <Filter>GameXLib\Runtime\Serialization</Filter>
    </ClInclude>
    <ClInclude Include="GameXLib\ThirdParty\Sample\Audio.h">
      <Filter>GameXLib\ThirdParty\Sample</Filter>
    </ClInclude>
    <ClInclude Include="GameXLib\ThirdParty\Sample\AudioResource.h">
      <Filter>GameXLib\ThirdParty\Sample</Filter>
    </ClInclude>
    <ClInclude Include="GameXLib\ThirdParty\Sample\AudioSource.h">
      <Filter>GameXLib\ThirdParty\Sample</Filter>
    </ClInclude>
    <ClInclude Include="GameXLib\ThirdParty\Sample\Buffer.h">
      <Filter>GameXLib\ThirdParty\Sample</Filter>
    </ClInclude>
    <ClInclude Include="GameXLib\ThirdParty\Sample\GamePad.h">
      <Filter>GameXLib\ThirdParty\Sample</Filter>
    </ClInclude>
    <ClInclude Include="GameXLib\ThirdParty\Sample\Input.h">
      <Filter>GameXLib\ThirdParty\Sample</Filter>
    </ClInclude>
    <ClInclude Include="GameXLib\ThirdParty\Sample\Mouse.h">
      <Filter>GameXLib\ThirdParty\Sample</Filter>
    </ClInclude>
    <ClInclude Include="GameXLib\ThirdParty\Sample\RenderState.h">
      <Filter>GameXLib\ThirdParty\Sample</Filter>
    </ClInclude>
    <ClInclude Include="GameXLib\ThirdParty\Sample\Shader.h">
      <Filter>GameXLib\ThirdParty\Sample</Filter>
    </ClInclude>
    <ClInclude Include="GameXLib\ThirdParty\Sample\TextureResource.h">
      <Filter>GameXLib\ThirdParty\Sample</Filter>
    </ClInclude>
    <ClInclude Include="GameXLib\ThirdParty\Sample\Transform.h">
      <Filter>GameXLib\ThirdParty\Sample</Filter>
    </ClInclude>
    <ClInclude Include="GameXLib\ThirdParty\Sample\WICTextureLoader11.h">
      <Filter>GameXLib\ThirdParty\Sample</Filter>
    </ClInclude>
    <ClInclude Include="GameXLib\ThirdParty\ImGui\imgui-docking\imgui_impl_dx11.h">
      <Filter>GameXLib\ThirdParty\ImGui\imgui-docking</Filter>
    </ClInclude>
    <ClInclude Include="GameXLib\ThirdParty\ImGui\imgui-docking\imgui_impl_win32.h">
      <Filter>GameXLib\ThirdParty\ImGui\imgui-docking</Filter>
    </ClInclude>
    <ClInclude Include="GameXLib\ThirdParty\Sample\Sources\skinned_mesh.h">
      <Filter>GameXLib\ThirdParty\Sample\Sources</Filter>
    </ClInclude>
    <ClInclude Include="GameXLib\ThirdParty\Sample\Sources\skinned_mesh_model.h">
      <Filter>GameXLib\ThirdParty\Sample\Sources</Filter>
    </ClInclude>
    <ClInclude Include="GameXLib\ThirdParty\Sample\Sources\SkinnedMesh.h">
      <Filter>GameXLib\ThirdParty\Sample\Sources</Filter>
    </ClInclude>
    <ClInclude Include="GameXLib\ThirdParty\Sample\Sources\texture.h">
      <Filter>GameXLib\ThirdParty\Sample\Sources</Filter>
    </ClInclude>
    <ClInclude Include="GameXLib\ThirdParty\Sample\Math\BanchworkTimer.h">
      <Filter>GameXLib\ThirdParty\Sample\Math</Filter>
    </ClInclude>
    <ClInclude Include="GameXLib\ThirdParty\Sample\Math\ViewProjection.h">
      <Filter>GameXLib\ThirdParty\Sample\Math</Filter>
    </ClInclude>
    <ClInclude Include="GameXLib\ThirdParty\Sample\FbxSdk\FbxFileImporter.h">
      <Filter>GameXLib\ThirdParty\Sample\FbxSdk</Filter>
    </ClInclude>
    <ClInclude Include="GameXLib\ThirdParty\Sample\FbxSdk\FbxSdk.h">
      <Filter>GameXLib\ThirdParty\Sample\FbxSdk</Filter>
    </ClInclude>
  </ItemGroup>
  <ItemGroup>
    <ClCompile Include="GameXLib\ThirdParty\ImGui\imgui-docking\imgui.cpp">
      <Filter>GameXLib\ThirdParty\ImGui\imgui-docking</Filter>
    </ClCompile>
    <ClCompile Include="GameXLib\ThirdParty\ImGui\imgui-docking\imgui_draw.cpp">
      <Filter>GameXLib\ThirdParty\ImGui\imgui-docking</Filter>
    </ClCompile>
    <ClCompile Include="GameXLib\ThirdParty\ImGui\imgui-docking\imgui_widgets.cpp">
      <Filter>GameXLib\ThirdParty\ImGui\imgui-docking</Filter>
    </ClCompile>
    <ClCompile Include="GameXLib\Runtime\UI\ImGuiManager.cpp">
      <Filter>GameXLib\Runtime\UI</Filter>
    </ClCompile>
    <ClCompile Include="GameXLib\Runtime\Timer\TimeManager.cpp">
      <Filter>GameXLib\Runtime\Timer</Filter>
    </ClCompile>
    <ClCompile Include="GameXLib\Runtime\Framework\Framework.cpp">
      <Filter>GameXLib\Runtime\Framework</Filter>
    </ClCompile>
    <ClCompile Include="GameXLib\Runtime\System\ServiceLocator.cpp">
      <Filter>GameXLib\Runtime\System</Filter>
    </ClCompile>
    <ClCompile Include="GameXLib\Runtime\Graphics\GraphicsManager.cpp">
      <Filter>GameXLib\Runtime\Graphics</Filter>
    </ClCompile>
    <ClCompile Include="GameXLib\Runtime\System\GameXLib.cpp">
      <Filter>GameXLib\Runtime\System</Filter>
    </ClCompile>
    <ClCompile Include="Source\WinMain.cpp">
      <Filter>ソース ファイル</Filter>
    </ClCompile>
    <ClCompile Include="GameXLib\Runtime\Scene\SceneManager.cpp">
      <Filter>GameXLib\Runtime\Scene</Filter>
    </ClCompile>
    <ClCompile Include="Source\TitleScene.cpp">
      <Filter>ソース ファイル</Filter>
    </ClCompile>
    <ClCompile Include="GameXLib\ThirdParty\Sample\Audio.cpp">
      <Filter>GameXLib\ThirdParty\Sample</Filter>
    </ClCompile>
    <ClCompile Include="GameXLib\ThirdParty\Sample\AudioResource.cpp">
      <Filter>GameXLib\ThirdParty\Sample</Filter>
    </ClCompile>
    <ClCompile Include="GameXLib\ThirdParty\Sample\AudioSource.cpp">
      <Filter>GameXLib\ThirdParty\Sample</Filter>
    </ClCompile>
    <ClCompile Include="GameXLib\ThirdParty\Sample\GamePad.cpp">
      <Filter>GameXLib\ThirdParty\Sample</Filter>
    </ClCompile>
    <ClCompile Include="GameXLib\ThirdParty\Sample\Input.cpp">
      <Filter>GameXLib\ThirdParty\Sample</Filter>
    </ClCompile>
    <ClCompile Include="GameXLib\ThirdParty\Sample\Mouse.cpp">
      <Filter>GameXLib\ThirdParty\Sample</Filter>
    </ClCompile>
    <ClCompile Include="GameXLib\ThirdParty\Sample\RenderState.cpp">
      <Filter>GameXLib\ThirdParty\Sample</Filter>
    </ClCompile>
    <ClCompile Include="GameXLib\ThirdParty\Sample\Shader.cpp">
      <Filter>GameXLib\ThirdParty\Sample</Filter>
    </ClCompile>
    <ClCompile Include="GameXLib\ThirdParty\Sample\TextureResource.cpp">
      <Filter>GameXLib\ThirdParty\Sample</Filter>
    </ClCompile>
    <ClCompile Include="GameXLib\ThirdParty\Sample\WICTextureLoader11.cpp">
      <Filter>GameXLib\ThirdParty\Sample</Filter>
    </ClCompile>
    <ClCompile Include="GameXLib\ThirdParty\ImGui\imgui-docking\imgui_impl_dx11.cpp">
      <Filter>GameXLib\ThirdParty\ImGui\imgui-docking</Filter>
    </ClCompile>
    <ClCompile Include="GameXLib\ThirdParty\ImGui\imgui-docking\imgui_impl_win32.cpp">
      <Filter>GameXLib\ThirdParty\ImGui\imgui-docking</Filter>
    </ClCompile>
    <ClCompile Include="GameXLib\ThirdParty\ImGui\imgui-docking\imgui_ja_gryph_ranges.cpp">
      <Filter>GameXLib\ThirdParty\ImGui\imgui-docking</Filter>
    </ClCompile>
    <ClCompile Include="GameXLib\ThirdParty\Sample\Sources\skinned_mesh.cpp">
      <Filter>GameXLib\ThirdParty\Sample\Sources</Filter>
    </ClCompile>
    <ClCompile Include="GameXLib\ThirdParty\Sample\Sources\skinned_mesh_model.cpp">
      <Filter>GameXLib\ThirdParty\Sample\Sources</Filter>
    </ClCompile>
    <ClCompile Include="GameXLib\ThirdParty\Sample\Sources\SkinnedMesh.cpp">
      <Filter>GameXLib\ThirdParty\Sample\Sources</Filter>
    </ClCompile>
    <ClCompile Include="GameXLib\ThirdParty\Sample\Sources\texture.cpp">
      <Filter>GameXLib\ThirdParty\Sample\Sources</Filter>
    </ClCompile>
    <ClCompile Include="GameXLib\ThirdParty\Sample\FbxSdk\FbxFileImporter.cpp">
      <Filter>GameXLib\ThirdParty\Sample\FbxSdk</Filter>
    </ClCompile>
    <ClCompile Include="GameXLib\ThirdParty\Sample\Sample.cpp">
      <Filter>GameXLib\ThirdParty\Sample</Filter>
    </ClCompile>
  </ItemGroup>
  <ItemGroup>
    <None Include="GameXLib\ThirdParty\Sample\Shaders\skinned_mesh.hlsli">
      <Filter>GameXLib\ThirdParty\Sample\Shaders</Filter>
    </None>
  </ItemGroup>
  <ItemGroup>
    <FxCompile Include="GameXLib\ThirdParty\Sample\Shaders\skinned_mesh_ps.hlsl">
      <Filter>GameXLib\ThirdParty\Sample\Shaders</Filter>
    </FxCompile>
    <FxCompile Include="GameXLib\ThirdParty\Sample\Shaders\skinned_mesh_vs.hlsl">
      <Filter>GameXLib\ThirdParty\Sample\Shaders</Filter>
    </FxCompile>
  </ItemGroup>
</Project>