<?xml version="1.0" encoding="utf-8"?>
<Project ToolsVersion="4.0" xmlns="http://schemas.microsoft.com/developer/msbuild/2003">
  <ItemGroup>
    <Filter Include="ソース ファイル">
      <UniqueIdentifier>{4FC737F1-C7A5-4376-A066-2A32D752A2FF}</UniqueIdentifier>
      <Extensions>cpp;c;cc;cxx;c++;cppm;ixx;def;odl;idl;hpj;bat;asm;asmx</Extensions>
    </Filter>
    <Filter Include="ヘッダー ファイル">
      <UniqueIdentifier>{93995380-89BD-4b04-88EB-625FBE52EBFB}</UniqueIdentifier>
      <Extensions>h;hh;hpp;hxx;h++;hm;inl;inc;ipp;xsd</Extensions>
    </Filter>
    <Filter Include="リソース ファイル">
      <UniqueIdentifier>{67DA6AB6-F800-4c08-8B7A-83BB121AAD01}</UniqueIdentifier>
      <Extensions>rc;ico;cur;bmp;dlg;rc2;rct;bin;rgs;gif;jpg;jpeg;jpe;resx;tiff;tif;png;wav;mfcribbon-ms</Extensions>
    </Filter>
    <Filter Include="GameXLib">
      <UniqueIdentifier>{a2d9de2f-86a7-42d8-990e-85904d96f521}</UniqueIdentifier>
    </Filter>
    <Filter Include="GameXLib\System">
      <UniqueIdentifier>{f169ca81-b87b-455b-97f5-270f7c43f2d6}</UniqueIdentifier>
    </Filter>
    <Filter Include="GameXLib\System\Classes">
      <UniqueIdentifier>{7ac03a09-8983-4d1c-8f59-b819490b7d87}</UniqueIdentifier>
    </Filter>
    <Filter Include="GameXLib\System\Private">
      <UniqueIdentifier>{46239d13-4045-4ebd-b079-a3860e410a3c}</UniqueIdentifier>
    </Filter>
    <Filter Include="GameXLib\ImGui">
      <UniqueIdentifier>{09c8d9c9-f8ac-4557-97f8-e711545e17a8}</UniqueIdentifier>
    </Filter>
    <Filter Include="GameXLib\ImGui\imgui-docking">
      <UniqueIdentifier>{f07f1f1b-131d-4f72-9b1b-96bc0b2b43ec}</UniqueIdentifier>
    </Filter>
    <Filter Include="GameXLib\ImGui\Classes">
      <UniqueIdentifier>{2879df50-5c96-4b5e-be4f-af9be30cf0d2}</UniqueIdentifier>
    </Filter>
    <Filter Include="GameXLib\ImGui\Private">
      <UniqueIdentifier>{de15ea3f-ca82-4846-91df-23e6779591d9}</UniqueIdentifier>
    </Filter>
    <Filter Include="GameXLib\Graphics">
      <UniqueIdentifier>{b4da4ee3-332e-431f-8621-2f1e340c5542}</UniqueIdentifier>
    </Filter>
    <Filter Include="GameXLib\Graphics\Private">
      <UniqueIdentifier>{801ba2da-263c-4ba6-83dc-5cb0cdac3bd1}</UniqueIdentifier>
    </Filter>
    <Filter Include="GameXLib\Graphics\Classes">
      <UniqueIdentifier>{5e0c8f87-a7e6-428f-9601-3bfa09a65928}</UniqueIdentifier>
    </Filter>
  </ItemGroup>
  <ItemGroup>
    <ClCompile Include="Source\WinMain.cpp">
      <Filter>ソース ファイル</Filter>
    </ClCompile>
    <ClCompile Include="GameXLib\System\Private\Framework.cpp">
      <Filter>GameXLib\System\Private</Filter>
    </ClCompile>
    <ClCompile Include="GameXLib\ImGui\imgui-docking\imgui.cpp">
      <Filter>GameXLib\ImGui\imgui-docking</Filter>
    </ClCompile>
    <ClCompile Include="GameXLib\ImGui\imgui-docking\imgui_draw.cpp">
      <Filter>GameXLib\ImGui\imgui-docking</Filter>
    </ClCompile>
    <ClCompile Include="GameXLib\ImGui\imgui-docking\imgui_impl_dx11.cpp">
      <Filter>GameXLib\ImGui\imgui-docking</Filter>
    </ClCompile>
    <ClCompile Include="GameXLib\ImGui\imgui-docking\imgui_impl_win32.cpp">
      <Filter>GameXLib\ImGui\imgui-docking</Filter>
    </ClCompile>
    <ClCompile Include="GameXLib\ImGui\imgui-docking\imgui_ja_gryph_ranges.cpp">
      <Filter>GameXLib\ImGui\imgui-docking</Filter>
    </ClCompile>
    <ClCompile Include="GameXLib\ImGui\imgui-docking\imgui_widgets.cpp">
      <Filter>GameXLib\ImGui\imgui-docking</Filter>
    </ClCompile>
    <ClCompile Include="GameXLib\ImGui\Private\ImGuiManager.cpp">
      <Filter>GameXLib\ImGui\Private</Filter>
    </ClCompile>
    <ClCompile Include="GameXLib\Graphics\Private\GraphicsManager.cpp">
      <Filter>GameXLib\Graphics\Private</Filter>
    </ClCompile>
    <ClCompile Include="GameXLib\System\Private\GameXLib.cpp">
      <Filter>GameXLib\System\Private</Filter>
    </ClCompile>
  </ItemGroup>
  <ItemGroup>
    <ClInclude Include="GameXLib\System\Classes\Framework.h">
      <Filter>GameXLib\System\Classes</Filter>
    </ClInclude>
    <ClInclude Include="GameXLib\ImGui\imgui-docking\imconfig.h">
      <Filter>GameXLib\ImGui\imgui-docking</Filter>
    </ClInclude>
    <ClInclude Include="GameXLib\ImGui\imgui-docking\imgui.h">
      <Filter>GameXLib\ImGui\imgui-docking</Filter>
    </ClInclude>
    <ClInclude Include="GameXLib\ImGui\imgui-docking\imgui_impl_dx11.h">
      <Filter>GameXLib\ImGui\imgui-docking</Filter>
    </ClInclude>
    <ClInclude Include="GameXLib\ImGui\imgui-docking\imgui_impl_win32.h">
      <Filter>GameXLib\ImGui\imgui-docking</Filter>
    </ClInclude>
    <ClInclude Include="GameXLib\ImGui\imgui-docking\imgui_internal.h">
      <Filter>GameXLib\ImGui\imgui-docking</Filter>
    </ClInclude>
    <ClInclude Include="GameXLib\ImGui\imgui-docking\imstb_rectpack.h">
      <Filter>GameXLib\ImGui\imgui-docking</Filter>
    </ClInclude>
    <ClInclude Include="GameXLib\ImGui\imgui-docking\imstb_textedit.h">
      <Filter>GameXLib\ImGui\imgui-docking</Filter>
    </ClInclude>
    <ClInclude Include="GameXLib\ImGui\imgui-docking\imstb_truetype.h">
      <Filter>GameXLib\ImGui\imgui-docking</Filter>
    </ClInclude>
    <ClInclude Include="GameXLib\ImGui\imGuiDX11.h">
      <Filter>GameXLib\ImGui</Filter>
    </ClInclude>
    <ClInclude Include="GameXLib\ImGui\Classes\ImGuiManager.h">
      <Filter>GameXLib\ImGui\Classes</Filter>
    </ClInclude>
    <ClInclude Include="GameXLib\Graphics\Classes\GraphicsManager.h">
      <Filter>GameXLib\Graphics\Classes</Filter>
    </ClInclude>
    <ClInclude Include="GameXLib\System\Private\Misc.h">
      <Filter>GameXLib\System\Private</Filter>
    </ClInclude>
    <ClInclude Include="GameXLib\System\Classes\HighResolutionTimer.h">
      <Filter>GameXLib\System\Classes</Filter>
    </ClInclude>
    <ClInclude Include="GameXLib\System\Classes\GameXLib.h">
      <Filter>GameXLib\System\Classes</Filter>
    </ClInclude>
    <ClInclude Include="GameXLib\System\Classes\ServiceLocator.h">
      <Filter>GameXLib\System\Classes</Filter>
    </ClInclude>
    <ClInclude Include="Source\GameFramework.h">
      <Filter>ヘッダー ファイル</Filter>
    </ClInclude>
  </ItemGroup>
</Project>