<?xml version="1.0" encoding="utf-8"?>
<Project ToolsVersion="4.0" xmlns="http://schemas.microsoft.com/developer/msbuild/2003">
  <ItemGroup>
    <Filter Include="ソース ファイル">
      <UniqueIdentifier>{4FC737F1-C7A5-4376-A066-2A32D752A2FF}</UniqueIdentifier>
      <Extensions>cpp;c;cc;cxx;c++;cppm;ixx;def;odl;idl;hpj;bat;asm;asmx</Extensions>
    </Filter>
    <Filter Include="ヘッダー ファイル">
      <UniqueIdentifier>{93995380-89BD-4b04-88EB-625FBE52EBFB}</UniqueIdentifier>
      <Extensions>h;hh;hpp;hxx;h++;hm;inl;inc;ipp;xsd</Extensions>
    </Filter>
    <Filter Include="リソース ファイル">
      <UniqueIdentifier>{67DA6AB6-F800-4c08-8B7A-83BB121AAD01}</UniqueIdentifier>
      <Extensions>rc;ico;cur;bmp;dlg;rc2;rct;bin;rgs;gif;jpg;jpeg;jpe;resx;tiff;tif;png;wav;mfcribbon-ms</Extensions>
    </Filter>
    <Filter Include="GameXLib">
      <UniqueIdentifier>{a2d9de2f-86a7-42d8-990e-85904d96f521}</UniqueIdentifier>
    </Filter>
    <Filter Include="GameXLib\ThirdParty">
      <UniqueIdentifier>{dc13128d-1e6f-49cf-b2bd-94fd5d76da4f}</UniqueIdentifier>
    </Filter>
    <Filter Include="GameXLib\ThirdParty\ImGui">
      <UniqueIdentifier>{07f8831a-e785-4304-bc07-3a259248b7c2}</UniqueIdentifier>
    </Filter>
    <Filter Include="GameXLib\ThirdParty\ImGui\imgui-docking">
      <UniqueIdentifier>{2afce636-e3cf-409a-9e16-690beb18a5b6}</UniqueIdentifier>
    </Filter>
    <Filter Include="GameXLib\Shaders">
      <UniqueIdentifier>{c3213003-7ea0-4b86-b451-c7d4a5cbb41a}</UniqueIdentifier>
    </Filter>
    <Filter Include="GameXLib\Runtime">
      <UniqueIdentifier>{fc6fa613-a306-45b9-a1a4-22cb2f6d84d4}</UniqueIdentifier>
    </Filter>
    <Filter Include="GameXLib\ThirdParty\DirectXTex">
      <UniqueIdentifier>{8889ce2a-5bf7-475f-8024-6c10446a2b0e}</UniqueIdentifier>
    </Filter>
    <Filter Include="ソース ファイル\System">
      <UniqueIdentifier>{d64e8e6b-dd3e-405b-a8ab-5b5e8713b89c}</UniqueIdentifier>
    </Filter>
  </ItemGroup>
  <ItemGroup>
    <ClInclude Include="GameXLib\ThirdParty\ImGui\imgui-docking\imconfig.h">
      <Filter>GameXLib\ThirdParty\ImGui\imgui-docking</Filter>
    </ClInclude>
    <ClInclude Include="GameXLib\ThirdParty\ImGui\imgui-docking\imgui.h">
      <Filter>GameXLib\ThirdParty\ImGui\imgui-docking</Filter>
    </ClInclude>
    <ClInclude Include="GameXLib\ThirdParty\ImGui\imgui-docking\imgui_internal.h">
      <Filter>GameXLib\ThirdParty\ImGui\imgui-docking</Filter>
    </ClInclude>
    <ClInclude Include="GameXLib\ThirdParty\ImGui\imgui-docking\imstb_rectpack.h">
      <Filter>GameXLib\ThirdParty\ImGui\imgui-docking</Filter>
    </ClInclude>
    <ClInclude Include="GameXLib\ThirdParty\ImGui\imgui-docking\imstb_textedit.h">
      <Filter>GameXLib\ThirdParty\ImGui\imgui-docking</Filter>
    </ClInclude>
    <ClInclude Include="GameXLib\ThirdParty\ImGui\imgui-docking\imstb_truetype.h">
      <Filter>GameXLib\ThirdParty\ImGui\imgui-docking</Filter>
    </ClInclude>
    <ClInclude Include="GameXLib\ThirdParty\ImGui\imgui-docking\imgui_impl_dx11.h">
      <Filter>GameXLib\ThirdParty\ImGui\imgui-docking</Filter>
    </ClInclude>
    <ClInclude Include="GameXLib\ThirdParty\ImGui\imgui-docking\imgui_impl_win32.h">
      <Filter>GameXLib\ThirdParty\ImGui\imgui-docking</Filter>
    </ClInclude>
    <ClInclude Include="GameXLib\ThirdParty\DirectXTex\WICTextureLoader11.h">
      <Filter>GameXLib\ThirdParty\DirectXTex</Filter>
    </ClInclude>
  </ItemGroup>
  <ItemGroup>
    <ClCompile Include="GameXLib\ThirdParty\ImGui\imgui-docking\imgui.cpp">
      <Filter>GameXLib\ThirdParty\ImGui\imgui-docking</Filter>
    </ClCompile>
    <ClCompile Include="GameXLib\ThirdParty\ImGui\imgui-docking\imgui_draw.cpp">
      <Filter>GameXLib\ThirdParty\ImGui\imgui-docking</Filter>
    </ClCompile>
    <ClCompile Include="GameXLib\ThirdParty\ImGui\imgui-docking\imgui_widgets.cpp">
      <Filter>GameXLib\ThirdParty\ImGui\imgui-docking</Filter>
    </ClCompile>
    <ClCompile Include="GameXLib\ThirdParty\ImGui\imgui-docking\imgui_impl_dx11.cpp">
      <Filter>GameXLib\ThirdParty\ImGui\imgui-docking</Filter>
    </ClCompile>
    <ClCompile Include="GameXLib\ThirdParty\ImGui\imgui-docking\imgui_impl_win32.cpp">
      <Filter>GameXLib\ThirdParty\ImGui\imgui-docking</Filter>
    </ClCompile>
    <ClCompile Include="GameXLib\ThirdParty\ImGui\imgui-docking\imgui_ja_gryph_ranges.cpp">
      <Filter>GameXLib\ThirdParty\ImGui\imgui-docking</Filter>
    </ClCompile>
    <ClCompile Include="GameXLib\ThirdParty\DirectXTex\WICTextureLoader11.cpp">
      <Filter>GameXLib\ThirdParty\DirectXTex</Filter>
    </ClCompile>
    <ClCompile Include="Source\System\WinMain.cpp">
      <Filter>ソース ファイル\System</Filter>
    </ClCompile>
  </ItemGroup>
</Project>